
Microsoft Visual Studio Solution File, Format Version 12.00
# Visual Studio Version 16
VisualStudioVersion = 16.0.29709.97
MinimumVisualStudioVersion = 10.0.40219.1
Project("{FAE04EC0-301F-11D3-BF4B-00C04F79EFBC}") = "CRUD", "CRUD.csproj", "{F918499A-2F97-44E8-8E75-EAFC085007DE}"
EndProject
Global
	GlobalSection(SolutionConfigurationPlatforms) = preSolution
		Debug|Any CPU = Debug|Any CPU
		Release|Any CPU = Release|Any CPU
	EndGlobalSection
	GlobalSection(ProjectConfigurationPlatforms) = postSolution
		{F918499A-2F97-44E8-8E75-EAFC085007DE}.Debug|Any CPU.ActiveCfg = Debug|Any CPU
		{F918499A-2F97-44E8-8E75-EAFC085007DE}.Debug|Any CPU.Build.0 = Debug|Any CPU
		{F918499A-2F97-44E8-8E75-EAFC085007DE}.Release|Any CPU.ActiveCfg = Release|Any CPU
		{F918499A-2F97-44E8-8E75-EAFC085007DE}.Release|Any CPU.Build.0 = Release|Any CPU
	EndGlobalSection
	GlobalSection(SolutionProperties) = preSolution
		HideSolutionNode = FALSE
	EndGlobalSection
	GlobalSection(ExtensibilityGlobals) = postSolution
		SolutionGuid = {454C8062-7D8F-44C3-A9D3-D7479B02CD33}
	EndGlobalSection
EndGlobal
